
Microsoft Visual Studio Solution File, Format Version 12.00
# Visual Studio Version 16
VisualStudioVersion = 16.0.30309.148
MinimumVisualStudioVersion = 10.0.40219.1
Project("{FAE04EC0-301F-11D3-BF4B-00C04F79EFBC}") = "TestTask", "TestTask\TestTask.csproj", "{2D3946B8-FD8A-4CCA-B6E5-E976B7D48682}"
EndProject
Global
	GlobalSection(SolutionConfigurationPlatforms) = preSolution
		Debug|Any CPU = Debug|Any CPU
		Release|Any CPU = Release|Any CPU
	EndGlobalSection
	GlobalSection(ProjectConfigurationPlatforms) = postSolution
		{2D3946B8-FD8A-4CCA-B6E5-E976B7D48682}.Debug|Any CPU.ActiveCfg = Debug|Any CPU
		{2D3946B8-FD8A-4CCA-B6E5-E976B7D48682}.Debug|Any CPU.Build.0 = Debug|Any CPU
		{2D3946B8-FD8A-4CCA-B6E5-E976B7D48682}.Release|Any CPU.ActiveCfg = Release|Any CPU
		{2D3946B8-FD8A-4CCA-B6E5-E976B7D48682}.Release|Any CPU.Build.0 = Release|Any CPU
	EndGlobalSection
	GlobalSection(SolutionProperties) = preSolution
		HideSolutionNode = FALSE
	EndGlobalSection
	GlobalSection(ExtensibilityGlobals) = postSolution
		SolutionGuid = {F69A4AA2-27B8-4E07-BADC-96A353B25EB4}
	EndGlobalSection
EndGlobal
